
Microsoft Visual Studio Solution File, Format Version 12.00
# Visual Studio Version 16
VisualStudioVersion = 16.0.30523.141
MinimumVisualStudioVersion = 10.0.40219.1
Project("{9A19103F-16F7-4668-BE54-9A1E7A4F7556}") = "Lares.Web", "Lares.Web.csproj", "{655E29AD-0FC2-474E-B6C1-DBC4AC084FA8}"
EndProject
Project("{9A19103F-16F7-4668-BE54-9A1E7A4F7556}") = "Lares.Core", "..\Lares.Core\Lares.Core.csproj", "{8967BC85-4AB1-407F-944C-6D0580363901}"
EndProject
Project("{FAE04EC0-301F-11D3-BF4B-00C04F79EFBC}") = "Lares.Infrastructure", "..\Lares.Infrastructure\Lares.Infrastructure.csproj", "{2996B7E5-E767-4401-9D1B-6E3FC6552A60}"
EndProject
Global
	GlobalSection(SolutionConfigurationPlatforms) = preSolution
		Debug|Any CPU = Debug|Any CPU
		Release|Any CPU = Release|Any CPU
	EndGlobalSection
	GlobalSection(ProjectConfigurationPlatforms) = postSolution
		{655E29AD-0FC2-474E-B6C1-DBC4AC084FA8}.Debug|Any CPU.ActiveCfg = Debug|Any CPU
		{655E29AD-0FC2-474E-B6C1-DBC4AC084FA8}.Debug|Any CPU.Build.0 = Debug|Any CPU
		{655E29AD-0FC2-474E-B6C1-DBC4AC084FA8}.Release|Any CPU.ActiveCfg = Release|Any CPU
		{655E29AD-0FC2-474E-B6C1-DBC4AC084FA8}.Release|Any CPU.Build.0 = Release|Any CPU
		{8967BC85-4AB1-407F-944C-6D0580363901}.Debug|Any CPU.ActiveCfg = Debug|Any CPU
		{8967BC85-4AB1-407F-944C-6D0580363901}.Debug|Any CPU.Build.0 = Debug|Any CPU
		{8967BC85-4AB1-407F-944C-6D0580363901}.Release|Any CPU.ActiveCfg = Release|Any CPU
		{8967BC85-4AB1-407F-944C-6D0580363901}.Release|Any CPU.Build.0 = Release|Any CPU
		{2996B7E5-E767-4401-9D1B-6E3FC6552A60}.Debug|Any CPU.ActiveCfg = Debug|Any CPU
		{2996B7E5-E767-4401-9D1B-6E3FC6552A60}.Debug|Any CPU.Build.0 = Debug|Any CPU
		{2996B7E5-E767-4401-9D1B-6E3FC6552A60}.Release|Any CPU.ActiveCfg = Release|Any CPU
		{2996B7E5-E767-4401-9D1B-6E3FC6552A60}.Release|Any CPU.Build.0 = Release|Any CPU
	EndGlobalSection
	GlobalSection(SolutionProperties) = preSolution
		HideSolutionNode = FALSE
	EndGlobalSection
	GlobalSection(ExtensibilityGlobals) = postSolution
		SolutionGuid = {69E856C0-BF15-420B-9254-DA9EC9218B39}
	EndGlobalSection
EndGlobal
